
Microsoft Visual Studio Solution File, Format Version 12.00
# Visual Studio 15
VisualStudioVersion = 15.0.26430.15
MinimumVisualStudioVersion = 10.0.40219.1
Project("{FAE04EC0-301F-11D3-BF4B-00C04F79EFBC}") = "Medoc", "Medoc\Medoc.csproj", "{2567771E-6363-4D81-BD79-87DC5F3B02D4}"
EndProject
Project("{FAE04EC0-301F-11D3-BF4B-00C04F79EFBC}") = "MedocData", "MedocData\MedocData.csproj", "{177E4497-ABFC-46A8-9E51-12E4311A538A}"
EndProject
Project("{FAE04EC0-301F-11D3-BF4B-00C04F79EFBC}") = "MedocDto", "MedocDto\MedocDto.csproj", "{544F1D4F-F49E-41FD-B284-60F08FF06CB3}"
EndProject
Project("{2150E333-8FDC-42A3-9474-1A3956D46DE8}") = "Dumps", "Dumps", "{F7192E03-182D-45F2-B88B-65BFC3C4AAEB}"
	ProjectSection(SolutionItems) = preProject
		Dumps\mysql.txt = Dumps\mysql.txt
	EndProjectSection
EndProject
Global
	GlobalSection(SolutionConfigurationPlatforms) = preSolution
		Debug|Any CPU = Debug|Any CPU
		Debug|x86 = Debug|x86
		Release|Any CPU = Release|Any CPU
		Release|x86 = Release|x86
	EndGlobalSection
	GlobalSection(ProjectConfigurationPlatforms) = postSolution
		{2567771E-6363-4D81-BD79-87DC5F3B02D4}.Debug|Any CPU.ActiveCfg = Debug|Any CPU
		{2567771E-6363-4D81-BD79-87DC5F3B02D4}.Debug|Any CPU.Build.0 = Debug|Any CPU
		{2567771E-6363-4D81-BD79-87DC5F3B02D4}.Debug|x86.ActiveCfg = Debug|Any CPU
		{2567771E-6363-4D81-BD79-87DC5F3B02D4}.Debug|x86.Build.0 = Debug|Any CPU
		{2567771E-6363-4D81-BD79-87DC5F3B02D4}.Release|Any CPU.ActiveCfg = Release|Any CPU
		{2567771E-6363-4D81-BD79-87DC5F3B02D4}.Release|Any CPU.Build.0 = Release|Any CPU
		{2567771E-6363-4D81-BD79-87DC5F3B02D4}.Release|x86.ActiveCfg = Release|Any CPU
		{2567771E-6363-4D81-BD79-87DC5F3B02D4}.Release|x86.Build.0 = Release|Any CPU
		{177E4497-ABFC-46A8-9E51-12E4311A538A}.Debug|Any CPU.ActiveCfg = Debug|Any CPU
		{177E4497-ABFC-46A8-9E51-12E4311A538A}.Debug|Any CPU.Build.0 = Debug|Any CPU
		{177E4497-ABFC-46A8-9E51-12E4311A538A}.Debug|x86.ActiveCfg = Debug|Any CPU
		{177E4497-ABFC-46A8-9E51-12E4311A538A}.Debug|x86.Build.0 = Debug|Any CPU
		{177E4497-ABFC-46A8-9E51-12E4311A538A}.Release|Any CPU.ActiveCfg = Release|Any CPU
		{177E4497-ABFC-46A8-9E51-12E4311A538A}.Release|Any CPU.Build.0 = Release|Any CPU
		{177E4497-ABFC-46A8-9E51-12E4311A538A}.Release|x86.ActiveCfg = Release|Any CPU
		{177E4497-ABFC-46A8-9E51-12E4311A538A}.Release|x86.Build.0 = Release|Any CPU
		{544F1D4F-F49E-41FD-B284-60F08FF06CB3}.Debug|Any CPU.ActiveCfg = Debug|Any CPU
		{544F1D4F-F49E-41FD-B284-60F08FF06CB3}.Debug|Any CPU.Build.0 = Debug|Any CPU
		{544F1D4F-F49E-41FD-B284-60F08FF06CB3}.Debug|x86.ActiveCfg = Debug|Any CPU
		{544F1D4F-F49E-41FD-B284-60F08FF06CB3}.Debug|x86.Build.0 = Debug|Any CPU
		{544F1D4F-F49E-41FD-B284-60F08FF06CB3}.Release|Any CPU.ActiveCfg = Release|Any CPU
		{544F1D4F-F49E-41FD-B284-60F08FF06CB3}.Release|Any CPU.Build.0 = Release|Any CPU
		{544F1D4F-F49E-41FD-B284-60F08FF06CB3}.Release|x86.ActiveCfg = Release|Any CPU
		{544F1D4F-F49E-41FD-B284-60F08FF06CB3}.Release|x86.Build.0 = Release|Any CPU
	EndGlobalSection
	GlobalSection(SolutionProperties) = preSolution
		HideSolutionNode = FALSE
	EndGlobalSection
EndGlobal
